
Microsoft Visual Studio Solution File, Format Version 12.00
# Visual Studio Version 17
VisualStudioVersion = 17.11.35222.181
MinimumVisualStudioVersion = 10.0.40219.1
Project("{FAE04EC0-301F-11D3-BF4B-00C04F79EFBC}") = "problema_1_1", "semana_01\problema_1_1.csproj", "{42496DD1-69C6-4412-87BC-8D96E9A00FE5}"
EndProject
Project("{FAE04EC0-301F-11D3-BF4B-00C04F79EFBC}") = "Problema_1_2", "Problema_1_2\Problema_1_2.csproj", "{F8803660-3702-42C9-A412-3C1E6C68EEA0}"
EndProject
Project("{FAE04EC0-301F-11D3-BF4B-00C04F79EFBC}") = "Problema_1_3", "Problema_1_3\Problema_1_3.csproj", "{F35F4064-507D-4A3B-A915-82A642B1DDF8}"
EndProject
Global
	GlobalSection(SolutionConfigurationPlatforms) = preSolution
		Debug|Any CPU = Debug|Any CPU
		Release|Any CPU = Release|Any CPU
	EndGlobalSection
	GlobalSection(ProjectConfigurationPlatforms) = postSolution
		{42496DD1-69C6-4412-87BC-8D96E9A00FE5}.Debug|Any CPU.ActiveCfg = Debug|Any CPU
		{42496DD1-69C6-4412-87BC-8D96E9A00FE5}.Debug|Any CPU.Build.0 = Debug|Any CPU
		{42496DD1-69C6-4412-87BC-8D96E9A00FE5}.Release|Any CPU.ActiveCfg = Release|Any CPU
		{42496DD1-69C6-4412-87BC-8D96E9A00FE5}.Release|Any CPU.Build.0 = Release|Any CPU
		{F8803660-3702-42C9-A412-3C1E6C68EEA0}.Debug|Any CPU.ActiveCfg = Debug|Any CPU
		{F8803660-3702-42C9-A412-3C1E6C68EEA0}.Debug|Any CPU.Build.0 = Debug|Any CPU
		{F8803660-3702-42C9-A412-3C1E6C68EEA0}.Release|Any CPU.ActiveCfg = Release|Any CPU
		{F8803660-3702-42C9-A412-3C1E6C68EEA0}.Release|Any CPU.Build.0 = Release|Any CPU
		{F35F4064-507D-4A3B-A915-82A642B1DDF8}.Debug|Any CPU.ActiveCfg = Debug|Any CPU
		{F35F4064-507D-4A3B-A915-82A642B1DDF8}.Debug|Any CPU.Build.0 = Debug|Any CPU
		{F35F4064-507D-4A3B-A915-82A642B1DDF8}.Release|Any CPU.ActiveCfg = Release|Any CPU
		{F35F4064-507D-4A3B-A915-82A642B1DDF8}.Release|Any CPU.Build.0 = Release|Any CPU
	EndGlobalSection
	GlobalSection(SolutionProperties) = preSolution
		HideSolutionNode = FALSE
	EndGlobalSection
	GlobalSection(ExtensibilityGlobals) = postSolution
		SolutionGuid = {4C516243-412F-41DC-93DF-D680192CCE91}
	EndGlobalSection
EndGlobal
